Microsoft Visual Studio Solution File, Format Version 11.00
# Visual Studio 2008

Project("{16356BB6-BB4D-0DD3-8864-66A045C95305}") = "Intents", "Assembly-CSharp.csproj", "{BD786043-0AEA-DDCC-0C36-EA7DF9DD07F0}"
EndProject
Global
	GlobalSection(SolutionConfigurationPlatforms) = preSolution
		Debug|Any CPU = Debug|Any CPU
		Release|Any CPU = Release|Any CPU
	EndGlobalSection
	GlobalSection(ProjectConfigurationPlatforms) = postSolution
		{BD786043-0AEA-DDCC-0C36-EA7DF9DD07F0}.Debug|Any CPU.ActiveCfg = Debug|Any CPU
		{BD786043-0AEA-DDCC-0C36-EA7DF9DD07F0}.Debug|Any CPU.Build.0 = Debug|Any CPU
		{BD786043-0AEA-DDCC-0C36-EA7DF9DD07F0}.Release|Any CPU.ActiveCfg = Release|Any CPU
		{BD786043-0AEA-DDCC-0C36-EA7DF9DD07F0}.Release|Any CPU.Build.0 = Release|Any CPU
	EndGlobalSection
	GlobalSection(SolutionProperties) = preSolution
		HideSolutionNode = FALSE
	EndGlobalSection
	GlobalSection(MonoDevelopProperties) = preSolution
		StartupItem = Assembly-CSharp.csproj
	EndGlobalSection
EndGlobal
